
Microsoft Visual Studio Solution File, Format Version 12.00
# Visual Studio Version 17
VisualStudioVersion = 17.1.32210.238
MinimumVisualStudioVersion = 10.0.40219.1
Project("{FAE04EC0-301F-11D3-BF4B-00C04F79EFBC}") = "ExamerAPI", "ExamerAPI\ExamerAPI.csproj", "{FC64BA06-6B16-476D-8ACE-5554B766A939}"
EndProject
Global
	GlobalSection(SolutionConfigurationPlatforms) = preSolution
		Debug|Any CPU = Debug|Any CPU
		Release|Any CPU = Release|Any CPU
	EndGlobalSection
	GlobalSection(ProjectConfigurationPlatforms) = postSolution
		{FC64BA06-6B16-476D-8ACE-5554B766A939}.Debug|Any CPU.ActiveCfg = Debug|Any CPU
		{FC64BA06-6B16-476D-8ACE-5554B766A939}.Debug|Any CPU.Build.0 = Debug|Any CPU
		{FC64BA06-6B16-476D-8ACE-5554B766A939}.Release|Any CPU.ActiveCfg = Release|Any CPU
		{FC64BA06-6B16-476D-8ACE-5554B766A939}.Release|Any CPU.Build.0 = Release|Any CPU
	EndGlobalSection
	GlobalSection(SolutionProperties) = preSolution
		HideSolutionNode = FALSE
	EndGlobalSection
	GlobalSection(ExtensibilityGlobals) = postSolution
		SolutionGuid = {F74B0939-9FE8-4DC9-A2CC-4D359480E6E2}
	EndGlobalSection
EndGlobal
